
Microsoft Visual Studio Solution File, Format Version 12.00
# Visual Studio Version 17
VisualStudioVersion = 17.8.34511.84
MinimumVisualStudioVersion = 10.0.40219.1
Project("{9A19103F-16F7-4668-BE54-9A1E7A4F7556}") = "VetApp", "VetApp\VetApp.csproj", "{F3D9CF3E-5768-48D3-AD7D-D8FBF7AA73A6}"
EndProject
Project("{9A19103F-16F7-4668-BE54-9A1E7A4F7556}") = "VetApp.Data", "VetApp.Data\VetApp.Data.csproj", "{19721C05-A417-41A4-A7BD-F772B6482D87}"
EndProject
Project("{9A19103F-16F7-4668-BE54-9A1E7A4F7556}") = "VetApp.Data.Models", "VetApp.Data.Models\VetApp.Data.Models.csproj", "{EDC1905F-1B2E-4A37-8ED9-1043DAD04033}"
EndProject
Project("{9A19103F-16F7-4668-BE54-9A1E7A4F7556}") = "VetApp.Common", "VetApp.Common\VetApp.Common.csproj", "{292C2F88-E47D-4496-A8FF-3A15B0F34167}"
EndProject
Project("{9A19103F-16F7-4668-BE54-9A1E7A4F7556}") = "VetApp.Services", "VetApp.Services\VetApp.Services.csproj", "{66E46CC3-7421-4D83-ABDC-C107C699D1C2}"
EndProject
Project("{9A19103F-16F7-4668-BE54-9A1E7A4F7556}") = "VetApp.Web.ViewModels", "VetApp.Web.ViewModels\VetApp.Web.ViewModels.csproj", "{DEF1516E-9AC0-4571-882E-FDEFBECC9E6F}"
EndProject
Project("{2150E333-8FDC-42A3-9474-1A3956D46DE8}") = "Data", "Data", "{250083BF-DB8A-4509-9C93-04EDF7D668EF}"
EndProject
Project("{2150E333-8FDC-42A3-9474-1A3956D46DE8}") = "Web", "Web", "{EDCC8CFB-ECB5-47DD-94C7-C6F7FCDD2339}"
EndProject
Global
	GlobalSection(SolutionConfigurationPlatforms) = preSolution
		Debug|Any CPU = Debug|Any CPU
		Release|Any CPU = Release|Any CPU
	EndGlobalSection
	GlobalSection(ProjectConfigurationPlatforms) = postSolution
		{F3D9CF3E-5768-48D3-AD7D-D8FBF7AA73A6}.Debug|Any CPU.ActiveCfg = Debug|Any CPU
		{F3D9CF3E-5768-48D3-AD7D-D8FBF7AA73A6}.Debug|Any CPU.Build.0 = Debug|Any CPU
		{F3D9CF3E-5768-48D3-AD7D-D8FBF7AA73A6}.Release|Any CPU.ActiveCfg = Release|Any CPU
		{F3D9CF3E-5768-48D3-AD7D-D8FBF7AA73A6}.Release|Any CPU.Build.0 = Release|Any CPU
		{19721C05-A417-41A4-A7BD-F772B6482D87}.Debug|Any CPU.ActiveCfg = Debug|Any CPU
		{19721C05-A417-41A4-A7BD-F772B6482D87}.Debug|Any CPU.Build.0 = Debug|Any CPU
		{19721C05-A417-41A4-A7BD-F772B6482D87}.Release|Any CPU.ActiveCfg = Release|Any CPU
		{19721C05-A417-41A4-A7BD-F772B6482D87}.Release|Any CPU.Build.0 = Release|Any CPU
		{EDC1905F-1B2E-4A37-8ED9-1043DAD04033}.Debug|Any CPU.ActiveCfg = Debug|Any CPU
		{EDC1905F-1B2E-4A37-8ED9-1043DAD04033}.Debug|Any CPU.Build.0 = Debug|Any CPU
		{EDC1905F-1B2E-4A37-8ED9-1043DAD04033}.Release|Any CPU.ActiveCfg = Release|Any CPU
		{EDC1905F-1B2E-4A37-8ED9-1043DAD04033}.Release|Any CPU.Build.0 = Release|Any CPU
		{292C2F88-E47D-4496-A8FF-3A15B0F34167}.Debug|Any CPU.ActiveCfg = Debug|Any CPU
		{292C2F88-E47D-4496-A8FF-3A15B0F34167}.Debug|Any CPU.Build.0 = Debug|Any CPU
		{292C2F88-E47D-4496-A8FF-3A15B0F34167}.Release|Any CPU.ActiveCfg = Release|Any CPU
		{292C2F88-E47D-4496-A8FF-3A15B0F34167}.Release|Any CPU.Build.0 = Release|Any CPU
		{66E46CC3-7421-4D83-ABDC-C107C699D1C2}.Debug|Any CPU.ActiveCfg = Debug|Any CPU
		{66E46CC3-7421-4D83-ABDC-C107C699D1C2}.Debug|Any CPU.Build.0 = Debug|Any CPU
		{66E46CC3-7421-4D83-ABDC-C107C699D1C2}.Release|Any CPU.ActiveCfg = Release|Any CPU
		{66E46CC3-7421-4D83-ABDC-C107C699D1C2}.Release|Any CPU.Build.0 = Release|Any CPU
		{DEF1516E-9AC0-4571-882E-FDEFBECC9E6F}.Debug|Any CPU.ActiveCfg = Debug|Any CPU
		{DEF1516E-9AC0-4571-882E-FDEFBECC9E6F}.Debug|Any CPU.Build.0 = Debug|Any CPU
		{DEF1516E-9AC0-4571-882E-FDEFBECC9E6F}.Release|Any CPU.ActiveCfg = Release|Any CPU
		{DEF1516E-9AC0-4571-882E-FDEFBECC9E6F}.Release|Any CPU.Build.0 = Release|Any CPU
	EndGlobalSection
	GlobalSection(SolutionProperties) = preSolution
		HideSolutionNode = FALSE
	EndGlobalSection
	GlobalSection(NestedProjects) = preSolution
		{F3D9CF3E-5768-48D3-AD7D-D8FBF7AA73A6} = {EDCC8CFB-ECB5-47DD-94C7-C6F7FCDD2339}
		{19721C05-A417-41A4-A7BD-F772B6482D87} = {250083BF-DB8A-4509-9C93-04EDF7D668EF}
		{EDC1905F-1B2E-4A37-8ED9-1043DAD04033} = {250083BF-DB8A-4509-9C93-04EDF7D668EF}
		{DEF1516E-9AC0-4571-882E-FDEFBECC9E6F} = {EDCC8CFB-ECB5-47DD-94C7-C6F7FCDD2339}
	EndGlobalSection
	GlobalSection(ExtensibilityGlobals) = postSolution
		SolutionGuid = {F12106E0-3005-4A3F-88D7-564AD7ECE3B2}
	EndGlobalSection
EndGlobal
