
Microsoft Visual Studio Solution File, Format Version 12.00
# Visual Studio Version 17
VisualStudioVersion = 17.8.34511.84
MinimumVisualStudioVersion = 10.0.40219.1
Project("{9A19103F-16F7-4668-BE54-9A1E7A4F7556}") = "VetApp", "VetApp\VetApp.csproj", "{F3D9CF3E-5768-48D3-AD7D-D8FBF7AA73A6}"
EndProject
Project("{9A19103F-16F7-4668-BE54-9A1E7A4F7556}") = "VetApp.Data", "VetApp.Data\VetApp.Data.csproj", "{19721C05-A417-41A4-A7BD-F772B6482D87}"
EndProject
Project("{9A19103F-16F7-4668-BE54-9A1E7A4F7556}") = "VetApp.Data.Models", "VetApp.Data.Models\VetApp.Data.Models.csproj", "{EDC1905F-1B2E-4A37-8ED9-1043DAD04033}"
EndProject
Project("{9A19103F-16F7-4668-BE54-9A1E7A4F7556}") = "VetApp.Web.ViewModels", "VetApp.Web.ViewModels\VetApp.Web.ViewModels.csproj", "{DEF1516E-9AC0-4571-882E-FDEFBECC9E6F}"
EndProject
Project("{2150E333-8FDC-42A3-9474-1A3956D46DE8}") = "Data", "Data", "{250083BF-DB8A-4509-9C93-04EDF7D668EF}"
EndProject
Project("{2150E333-8FDC-42A3-9474-1A3956D46DE8}") = "Web", "Web", "{EDCC8CFB-ECB5-47DD-94C7-C6F7FCDD2339}"
EndProject
Project("{2150E333-8FDC-42A3-9474-1A3956D46DE8}") = "Tests", "Tests", "{224C8483-5EC3-4008-8627-A3F6B9820505}"
EndProject
Project("{9A19103F-16F7-4668-BE54-9A1E7A4F7556}") = "VetApp.Data.Common", "VetApp.Data.Common\VetApp.Data.Common.csproj", "{973DFE82-D20D-408F-95F7-49FB32F5BAFA}"
EndProject
Project("{2150E333-8FDC-42A3-9474-1A3956D46DE8}") = "Services", "Services", "{ED12259B-0129-4353-BF0F-3C208BE93E2A}"
EndProject
Project("{9A19103F-16F7-4668-BE54-9A1E7A4F7556}") = "VetApp.Web.Common", "VetApp.Web.Common\VetApp.Web.Common.csproj", "{A48E1D3B-0595-4C2A-B597-85667B20710D}"
EndProject
Project("{9A19103F-16F7-4668-BE54-9A1E7A4F7556}") = "VetApp.Services", "VetApp.Services\VetApp.Services.csproj", "{EA46712F-85BA-45F4-B6F0-CB9C18ADD956}"
EndProject
Project("{9A19103F-16F7-4668-BE54-9A1E7A4F7556}") = "VetApp.Services.Models", "VetApp.Services.Models\VetApp.Services.Models.csproj", "{124CDEC2-6BF9-4CEF-98F8-6F6980736381}"
EndProject
Project("{FAE04EC0-301F-11D3-BF4B-00C04F79EFBC}") = "VetApp.WebApi", "VetApp.WebApi\VetApp.WebApi.csproj", "{E9D1F0DC-612B-4BA9-A21B-A2AA49048978}"
EndProject
Global
	GlobalSection(SolutionConfigurationPlatforms) = preSolution
		Debug|Any CPU = Debug|Any CPU
		Release|Any CPU = Release|Any CPU
	EndGlobalSection
	GlobalSection(ProjectConfigurationPlatforms) = postSolution
		{F3D9CF3E-5768-48D3-AD7D-D8FBF7AA73A6}.Debug|Any CPU.ActiveCfg = Debug|Any CPU
		{F3D9CF3E-5768-48D3-AD7D-D8FBF7AA73A6}.Debug|Any CPU.Build.0 = Debug|Any CPU
		{F3D9CF3E-5768-48D3-AD7D-D8FBF7AA73A6}.Release|Any CPU.ActiveCfg = Release|Any CPU
		{F3D9CF3E-5768-48D3-AD7D-D8FBF7AA73A6}.Release|Any CPU.Build.0 = Release|Any CPU
		{19721C05-A417-41A4-A7BD-F772B6482D87}.Debug|Any CPU.ActiveCfg = Debug|Any CPU
		{19721C05-A417-41A4-A7BD-F772B6482D87}.Debug|Any CPU.Build.0 = Debug|Any CPU
		{19721C05-A417-41A4-A7BD-F772B6482D87}.Release|Any CPU.ActiveCfg = Release|Any CPU
		{19721C05-A417-41A4-A7BD-F772B6482D87}.Release|Any CPU.Build.0 = Release|Any CPU
		{EDC1905F-1B2E-4A37-8ED9-1043DAD04033}.Debug|Any CPU.ActiveCfg = Debug|Any CPU
		{EDC1905F-1B2E-4A37-8ED9-1043DAD04033}.Debug|Any CPU.Build.0 = Debug|Any CPU
		{EDC1905F-1B2E-4A37-8ED9-1043DAD04033}.Release|Any CPU.ActiveCfg = Release|Any CPU
		{EDC1905F-1B2E-4A37-8ED9-1043DAD04033}.Release|Any CPU.Build.0 = Release|Any CPU
		{DEF1516E-9AC0-4571-882E-FDEFBECC9E6F}.Debug|Any CPU.ActiveCfg = Debug|Any CPU
		{DEF1516E-9AC0-4571-882E-FDEFBECC9E6F}.Debug|Any CPU.Build.0 = Debug|Any CPU
		{DEF1516E-9AC0-4571-882E-FDEFBECC9E6F}.Release|Any CPU.ActiveCfg = Release|Any CPU
		{DEF1516E-9AC0-4571-882E-FDEFBECC9E6F}.Release|Any CPU.Build.0 = Release|Any CPU
		{973DFE82-D20D-408F-95F7-49FB32F5BAFA}.Debug|Any CPU.ActiveCfg = Debug|Any CPU
		{973DFE82-D20D-408F-95F7-49FB32F5BAFA}.Debug|Any CPU.Build.0 = Debug|Any CPU
		{973DFE82-D20D-408F-95F7-49FB32F5BAFA}.Release|Any CPU.ActiveCfg = Release|Any CPU
		{973DFE82-D20D-408F-95F7-49FB32F5BAFA}.Release|Any CPU.Build.0 = Release|Any CPU
		{A48E1D3B-0595-4C2A-B597-85667B20710D}.Debug|Any CPU.ActiveCfg = Debug|Any CPU
		{A48E1D3B-0595-4C2A-B597-85667B20710D}.Debug|Any CPU.Build.0 = Debug|Any CPU
		{A48E1D3B-0595-4C2A-B597-85667B20710D}.Release|Any CPU.ActiveCfg = Release|Any CPU
		{A48E1D3B-0595-4C2A-B597-85667B20710D}.Release|Any CPU.Build.0 = Release|Any CPU
		{EA46712F-85BA-45F4-B6F0-CB9C18ADD956}.Debug|Any CPU.ActiveCfg = Debug|Any CPU
		{EA46712F-85BA-45F4-B6F0-CB9C18ADD956}.Debug|Any CPU.Build.0 = Debug|Any CPU
		{EA46712F-85BA-45F4-B6F0-CB9C18ADD956}.Release|Any CPU.ActiveCfg = Release|Any CPU
		{EA46712F-85BA-45F4-B6F0-CB9C18ADD956}.Release|Any CPU.Build.0 = Release|Any CPU
		{124CDEC2-6BF9-4CEF-98F8-6F6980736381}.Debug|Any CPU.ActiveCfg = Debug|Any CPU
		{124CDEC2-6BF9-4CEF-98F8-6F6980736381}.Debug|Any CPU.Build.0 = Debug|Any CPU
		{124CDEC2-6BF9-4CEF-98F8-6F6980736381}.Release|Any CPU.ActiveCfg = Release|Any CPU
		{124CDEC2-6BF9-4CEF-98F8-6F6980736381}.Release|Any CPU.Build.0 = Release|Any CPU
		{E9D1F0DC-612B-4BA9-A21B-A2AA49048978}.Debug|Any CPU.ActiveCfg = Debug|Any CPU
		{E9D1F0DC-612B-4BA9-A21B-A2AA49048978}.Debug|Any CPU.Build.0 = Debug|Any CPU
		{E9D1F0DC-612B-4BA9-A21B-A2AA49048978}.Release|Any CPU.ActiveCfg = Release|Any CPU
		{E9D1F0DC-612B-4BA9-A21B-A2AA49048978}.Release|Any CPU.Build.0 = Release|Any CPU
	EndGlobalSection
	GlobalSection(SolutionProperties) = preSolution
		HideSolutionNode = FALSE
	EndGlobalSection
	GlobalSection(NestedProjects) = preSolution
		{F3D9CF3E-5768-48D3-AD7D-D8FBF7AA73A6} = {EDCC8CFB-ECB5-47DD-94C7-C6F7FCDD2339}
		{19721C05-A417-41A4-A7BD-F772B6482D87} = {250083BF-DB8A-4509-9C93-04EDF7D668EF}
		{EDC1905F-1B2E-4A37-8ED9-1043DAD04033} = {250083BF-DB8A-4509-9C93-04EDF7D668EF}
		{DEF1516E-9AC0-4571-882E-FDEFBECC9E6F} = {EDCC8CFB-ECB5-47DD-94C7-C6F7FCDD2339}
		{973DFE82-D20D-408F-95F7-49FB32F5BAFA} = {250083BF-DB8A-4509-9C93-04EDF7D668EF}
		{A48E1D3B-0595-4C2A-B597-85667B20710D} = {EDCC8CFB-ECB5-47DD-94C7-C6F7FCDD2339}
		{EA46712F-85BA-45F4-B6F0-CB9C18ADD956} = {ED12259B-0129-4353-BF0F-3C208BE93E2A}
		{124CDEC2-6BF9-4CEF-98F8-6F6980736381} = {ED12259B-0129-4353-BF0F-3C208BE93E2A}
		{E9D1F0DC-612B-4BA9-A21B-A2AA49048978} = {EDCC8CFB-ECB5-47DD-94C7-C6F7FCDD2339}
	EndGlobalSection
	GlobalSection(ExtensibilityGlobals) = postSolution
		SolutionGuid = {F12106E0-3005-4A3F-88D7-564AD7ECE3B2}
	EndGlobalSection
EndGlobal
